// !$*UTF8*$!
{
	archiveVersion = 1;
	classes = {
	};
	objectVersion = 55;
	objects = {

/* Begin PBXBuildFile section */
		91DB5F7F286BF2E800BBD1AA /* AppDelegate.swift in Sources */ = {isa = PBXBuildFile; fileRef = 91DB5F7E286BF2E800BBD1AA /* AppDelegate.swift */; };
		91DB5F81286BF2E800BBD1AA /* SceneDelegate.swift in Sources */ = {isa = PBXBuildFile; fileRef = 91DB5F80286BF2E800BBD1AA /* SceneDelegate.swift */; };
		91DB5F83286BF2E800BBD1AA /* ViewController.swift in Sources */ = {isa = PBXBuildFile; fileRef = 91DB5F82286BF2E800BBD1AA /* ViewController.swift */; };
		91DB5F86286BF2E800BBD1AA /* Main.storyboard in Resources */ = {isa = PBXBuildFile; fileRef = 91DB5F84286BF2E800BBD1AA /* Main.storyboard */; };
		91DB5F88286BF2EA00BBD1AA /* Assets.xcassets in Resources */ = {isa = PBXBuildFile; fileRef = 91DB5F87286BF2EA00BBD1AA /* Assets.xcassets */; };
		91DB5F8B286BF2EA00BBD1AA /* LaunchScreen.storyboard in Resources */ = {isa = PBXBuildFile; fileRef = 91DB5F89286BF2EA00BBD1AA /* LaunchScreen.storyboard */; };
		91DB5F94286BF39800BBD1AA /* Actor.swift in Sources */ = {isa = PBXBuildFile; fileRef = 91DB5F93286BF39800BBD1AA /* Actor.swift */; };
		91DB5F96286BF47F00BBD1AA /* Movie.swift in Sources */ = {isa = PBXBuildFile; fileRef = 91DB5F95286BF47F00BBD1AA /* Movie.swift */; };
/* End PBXBuildFile section */

/* Begin PBXFileReference section */
		91DB5F7B286BF2E800BBD1AA /* FanBase.app */ = {isa = PBXFileReference; explicitFileType = wrapper.application; includeInIndex = 0; path = FanBase.app; sourceTree = BUILT_PRODUCTS_DIR; };
		91DB5F7E286BF2E800BBD1AA /* AppDelegate.swift */ = {isa = PBXFileReference; lastKnownFileType = sourcecode.swift; path = AppDelegate.swift; sourceTree = "<group>"; };
		91DB5F80286BF2E800BBD1AA /* SceneDelegate.swift */ = {isa = PBXFileReference; lastKnownFileType = sourcecode.swift; path = SceneDelegate.swift; sourceTree = "<group>"; };
		91DB5F82286BF2E800BBD1AA /* ViewController.swift */ = {isa = PBXFileReference; lastKnownFileType = sourcecode.swift; path = ViewController.swift; sourceTree = "<group>"; };
		91DB5F85286BF2E800BBD1AA /* Base */ = {isa = PBXFileReference; lastKnownFileType = file.storyboard; name = Base; path = Base.lproj/Main.storyboard; sourceTree = "<group>"; };
		91DB5F87286BF2EA00BBD1AA /* Assets.xcassets */ = {isa = PBXFileReference; lastKnownFileType = folder.assetcatalog; path = Assets.xcassets; sourceTree = "<group>"; };
		91DB5F8A286BF2EA00BBD1AA /* Base */ = {isa = PBXFileReference; lastKnownFileType = file.storyboard; name = Base; path = Base.lproj/LaunchScreen.storyboard; sourceTree = "<group>"; };
		91DB5F8C286BF2EA00BBD1AA /* Info.plist */ = {isa = PBXFileReference; lastKnownFileType = text.plist.xml; path = Info.plist; sourceTree = "<group>"; };
		91DB5F93286BF39800BBD1AA /* Actor.swift */ = {isa = PBXFileReference; lastKnownFileType = sourcecode.swift; path = Actor.swift; sourceTree = "<group>"; };
		91DB5F95286BF47F00BBD1AA /* Movie.swift */ = {isa = PBXFileReference; lastKnownFileType = sourcecode.swift; path = Movie.swift; sourceTree = "<group>"; };
/* End PBXFileReference section */

/* Begin PBXFrameworksBuildPhase section */
		91DB5F78286BF2E800BBD1AA /* Frameworks */ = {
			isa = PBXFrameworksBuildPhase;
			buildActionMask = 2147483647;
			files = (
			);
			runOnlyForDeploymentPostprocessing = 0;
		};
/* End PBXFrameworksBuildPhase section */

/* Begin PBXGroup section */
		91DB5F72286BF2E800BBD1AA = {
			isa = PBXGroup;
			children = (
				91DB5F7D286BF2E800BBD1AA /* FanBase */,
				91DB5F7C286BF2E800BBD1AA /* Products */,
			);
			sourceTree = "<group>";
		};
		91DB5F7C286BF2E800BBD1AA /* Products */ = {
			isa = PBXGroup;
			children = (
				91DB5F7B286BF2E800BBD1AA /* FanBase.app */,
			);
			name = Products;
			sourceTree = "<group>";
		};
		91DB5F7D286BF2E800BBD1AA /* FanBase */ = {
			isa = PBXGroup;
			children = (
				91DB5F92286BF32500BBD1AA /* Model */,
				91DB5F7E286BF2E800BBD1AA /* AppDelegate.swift */,
				91DB5F80286BF2E800BBD1AA /* SceneDelegate.swift */,
				91DB5F82286BF2E800BBD1AA /* ViewController.swift */,
				91DB5F84286BF2E800BBD1AA /* Main.storyboard */,
				91DB5F87286BF2EA00BBD1AA /* Assets.xcassets */,
				91DB5F89286BF2EA00BBD1AA /* LaunchScreen.storyboard */,
				91DB5F8C286BF2EA00BBD1AA /* Info.plist */,
			);
			path = FanBase;
			sourceTree = "<group>";
		};
		91DB5F92286BF32500BBD1AA /* Model */ = {
			isa = PBXGroup;
			children = (
				91DB5F93286BF39800BBD1AA /* Actor.swift */,
				91DB5F95286BF47F00BBD1AA /* Movie.swift */,
			);
			path = Model;
			sourceTree = "<group>";
		};
/* End PBXGroup section */

/* Begin PBXNativeTarget section */
		91DB5F7A286BF2E800BBD1AA /* FanBase */ = {
			isa = PBXNativeTarget;
			buildConfigurationList = 91DB5F8F286BF2EA00BBD1AA /* Build configuration list for PBXNativeTarget "FanBase" */;
			buildPhases = (
				91DB5F77286BF2E800BBD1AA /* Sources */,
				91DB5F78286BF2E800BBD1AA /* Frameworks */,
				91DB5F79286BF2E800BBD1AA /* Resources */,
			);
			buildRules = (
			);
			dependencies = (
			);
			name = FanBase;
			productName = FanBase;
			productReference = 91DB5F7B286BF2E800BBD1AA /* FanBase.app */;
			productType = "com.apple.product-type.application";
		};
/* End PBXNativeTarget section */

/* Begin PBXProject section */
		91DB5F73286BF2E800BBD1AA /* Project object */ = {
			isa = PBXProject;
			attributes = {
				BuildIndependentTargetsInParallel = 1;
				LastSwiftUpdateCheck = 1340;
				LastUpgradeCheck = 1340;
				TargetAttributes = {
					91DB5F7A286BF2E800BBD1AA = {
						CreatedOnToolsVersion = 13.4.1;
					};
				};
			};
			buildConfigurationList = 91DB5F76286BF2E800BBD1AA /* Build configuration list for PBXProject "FanBase" */;
			compatibilityVersion = "Xcode 13.0";
			developmentRegion = en;
			hasScannedForEncodings = 0;
			knownRegions = (
				en,
				Base,
			);
			mainGroup = 91DB5F72286BF2E800BBD1AA;
			productRefGroup = 91DB5F7C286BF2E800BBD1AA /* Products */;
			projectDirPath = "";
			projectRoot = "";
			targets = (
				91DB5F7A286BF2E800BBD1AA /* FanBase */,
			);
		};
/* End PBXProject section */

/* Begin PBXResourcesBuildPhase section */
		91DB5F79286BF2E800BBD1AA /* Resources */ = {
			isa = PBXResourcesBuildPhase;
			buildActionMask = 2147483647;
			files = (
				91DB5F8B286BF2EA00BBD1AA /* LaunchScreen.storyboard in Resources */,
				91DB5F88286BF2EA00BBD1AA /* Assets.xcassets in Resources */,
				91DB5F86286BF2E800BBD1AA /* Main.storyboard in Resources */,
			);
			runOnlyForDeploymentPostprocessing = 0;
		};
/* End PBXResourcesBuildPhase section */

/* Begin PBXSourcesBuildPhase section */
		91DB5F77286BF2E800BBD1AA /* Sources */ = {
			isa = PBXSourcesBuildPhase;
			buildActionMask = 2147483647;
			files = (
				91DB5F83286BF2E800BBD1AA /* ViewController.swift in Sources */,
				91DB5F7F286BF2E800BBD1AA /* AppDelegate.swift in Sources */,
				91DB5F81286BF2E800BBD1AA /* SceneDelegate.swift in Sources */,
				91DB5F94286BF39800BBD1AA /* Actor.swift in Sources */,
				91DB5F96286BF47F00BBD1AA /* Movie.swift in Sources */,
			);
			runOnlyForDeploymentPostprocessing = 0;
		};
/* End PBXSourcesBuildPhase section */

/* Begin PBXVariantGroup section */
		91DB5F84286BF2E800BBD1AA /* Main.storyboard */ = {
			isa = PBXVariantGroup;
			children = (
				91DB5F85286BF2E800BBD1AA /* Base */,
			);
			name = Main.storyboard;
			sourceTree = "<group>";
		};
		91DB5F89286BF2EA00BBD1AA /* LaunchScreen.storyboard */ = {
			isa = PBXVariantGroup;
			children = (
				91DB5F8A286BF2EA00BBD1AA /* Base */,
			);
			name = LaunchScreen.storyboard;
			sourceTree = "<group>";
		};
/* End PBXVariantGroup section */

/* Begin XCBuildConfiguration section */
		91DB5F8D286BF2EA00BBD1AA /* Debug */ = {
			isa = XCBuildConfiguration;
			buildSettings = {
				ALWAYS_SEARCH_USER_PATHS = NO;
				CLANG_ANALYZER_NONNULL = YES;
				CLANG_ANALYZER_NUMBER_OBJECT_CONVERSION = YES_AGGRESSIVE;
				CLANG_CXX_LANGUAGE_STANDARD = "gnu++17";
				CLANG_ENABLE_MODULES = YES;
				CLANG_ENABLE_OBJC_ARC = YES;
				CLANG_ENABLE_OBJC_WEAK = YES;
				CLANG_WARN_BLOCK_CAPTURE_AUTORELEASING = YES;
				CLANG_WARN_BOOL_CONVERSION = YES;
				CLANG_WARN_COMMA = YES;
				CLANG_WARN_CONSTANT_CONVERSION = YES;
				CLANG_WARN_DEPRECATED_OBJC_IMPLEMENTATIONS = YES;
				CLANG_WARN_DIRECT_OBJC_ISA_USAGE = YES_ERROR;
				CLANG_WARN_DOCUMENTATION_COMMENTS = YES;
				CLANG_WARN_EMPTY_BODY = YES;
				CLANG_WARN_ENUM_CONVERSION = YES;
				CLANG_WARN_INFINITE_RECURSION = YES;
				CLANG_WARN_INT_CONVERSION = YES;
				CLANG_WARN_NON_LITERAL_NULL_CONVERSION = YES;
				CLANG_WARN_OBJC_IMPLICIT_RETAIN_SELF = YES;
				CLANG_WARN_OBJC_LITERAL_CONVERSION = YES;
				CLANG_WARN_OBJC_ROOT_CLASS = YES_ERROR;
				CLANG_WARN_QUOTED_INCLUDE_IN_FRAMEWORK_HEADER = YES;
				CLANG_WARN_RANGE_LOOP_ANALYSIS = YES;
				CLANG_WARN_STRICT_PROTOTYPES = YES;
				CLANG_WARN_SUSPICIOUS_MOVE = YES;
				CLANG_WARN_UNGUARDED_AVAILABILITY = YES_AGGRESSIVE;
				CLANG_WARN_UNREACHABLE_CODE = YES;
				CLANG_WARN__DUPLICATE_METHOD_MATCH = YES;
				COPY_PHASE_STRIP = NO;
				DEBUG_INFORMATION_FORMAT = dwarf;
				ENABLE_STRICT_OBJC_MSGSEND = YES;
				ENABLE_TESTABILITY = YES;
				GCC_C_LANGUAGE_STANDARD = gnu11;
				GCC_DYNAMIC_NO_PIC = NO;
				GCC_NO_COMMON_BLOCKS = YES;
				GCC_OPTIMIZATION_LEVEL = 0;
				GCC_PREPROCESSOR_DEFINITIONS = (
					"DEBUG=1",
					"$(inherited)",
				);
				GCC_WARN_64_TO_32_BIT_CONVERSION = YES;
				GCC_WARN_ABOUT_RETURN_TYPE = YES_ERROR;
				GCC_WARN_UNDECLARED_SELECTOR = YES;
				GCC_WARN_UNINITIALIZED_AUTOS = YES_AGGRESSIVE;
				GCC_WARN_UNUSED_FUNCTION = YES;
				GCC_WARN_UNUSED_VARIABLE = YES;
				IPHONEOS_DEPLOYMENT_TARGET = 15.5;
				MTL_ENABLE_DEBUG_INFO = INCLUDE_SOURCE;
				MTL_FAST_MATH = YES;
				ONLY_ACTIVE_ARCH = YES;
				SDKROOT = iphoneos;
				SWIFT_ACTIVE_COMPILATION_CONDITIONS = DEBUG;
				SWIFT_OPTIMIZATION_LEVEL = "-Onone";
			};
			name = Debug;
		};
		91DB5F8E286BF2EA00BBD1AA /* Release */ = {
			isa = XCBuildConfiguration;
			buildSettings = {
				ALWAYS_SEARCH_USER_PATHS = NO;
				CLANG_ANALYZER_NONNULL = YES;
				CLANG_ANALYZER_NUMBER_OBJECT_CONVERSION = YES_AGGRESSIVE;
				CLANG_CXX_LANGUAGE_STANDARD = "gnu++17";
				CLANG_ENABLE_MODULES = YES;
				CLANG_ENABLE_OBJC_ARC = YES;
				CLANG_ENABLE_OBJC_WEAK = YES;
				CLANG_WARN_BLOCK_CAPTURE_AUTORELEASING = YES;
				CLANG_WARN_BOOL_CONVERSION = YES;
				CLANG_WARN_COMMA = YES;
				CLANG_WARN_CONSTANT_CONVERSION = YES;
				CLANG_WARN_DEPRECATED_OBJC_IMPLEMENTATIONS = YES;
				CLANG_WARN_DIRECT_OBJC_ISA_USAGE = YES_ERROR;
				CLANG_WARN_DOCUMENTATION_COMMENTS = YES;
				CLANG_WARN_EMPTY_BODY = YES;
				CLANG_WARN_ENUM_CONVERSION = YES;
				CLANG_WARN_INFINITE_RECURSION = YES;
				CLANG_WARN_INT_CONVERSION = YES;
				CLANG_WARN_NON_LITERAL_NULL_CONVERSION = YES;
				CLANG_WARN_OBJC_IMPLICIT_RETAIN_SELF = YES;
				CLANG_WARN_OBJC_LITERAL_CONVERSION = YES;
				CLANG_WARN_OBJC_ROOT_CLASS = YES_ERROR;
				CLANG_WARN_QUOTED_INCLUDE_IN_FRAMEWORK_HEADER = YES;
				CLANG_WARN_RANGE_LOOP_ANALYSIS = YES;
				CLANG_WARN_STRICT_PROTOTYPES = YES;
				CLANG_WARN_SUSPICIOUS_MOVE = YES;
				CLANG_WARN_UNGUARDED_AVAILABILITY = YES_AGGRESSIVE;
				CLANG_WARN_UNREACHABLE_CODE = YES;
				CLANG_WARN__DUPLICATE_METHOD_MATCH = YES;
				COPY_PHASE_STRIP = NO;
				DEBUG_INFORMATION_FORMAT = "dwarf-with-dsym";
				ENABLE_NS_ASSERTIONS = NO;
				ENABLE_STRICT_OBJC_MSGSEND = YES;
				GCC_C_LANGUAGE_STANDARD = gnu11;
				GCC_NO_COMMON_BLOCKS = YES;
				GCC_WARN_64_TO_32_BIT_CONVERSION = YES;
				GCC_WARN_ABOUT_RETURN_TYPE = YES_ERROR;
				GCC_WARN_UNDECLARED_SELECTOR = YES;
				GCC_WARN_UNINITIALIZED_AUTOS = YES_AGGRESSIVE;
				GCC_WARN_UNUSED_FUNCTION = YES;
				GCC_WARN_UNUSED_VARIABLE = YES;
				IPHONEOS_DEPLOYMENT_TARGET = 15.5;
				MTL_ENABLE_DEBUG_INFO = NO;
				MTL_FAST_MATH = YES;
				SDKROOT = iphoneos;
				SWIFT_COMPILATION_MODE = wholemodule;
				SWIFT_OPTIMIZATION_LEVEL = "-O";
				VALIDATE_PRODUCT = YES;
			};
			name = Release;
		};
		91DB5F90286BF2EA00BBD1AA /* Debug */ = {
			isa = XCBuildConfiguration;
			buildSettings = {
				ASSETCATALOG_COMPILER_APPICON_NAME = AppIcon;
				ASSETCATALOG_COMPILER_GLOBAL_ACCENT_COLOR_NAME = AccentColor;
				CODE_SIGN_STYLE = Automatic;
				CURRENT_PROJECT_VERSION = 1;
				GENERATE_INFOPLIST_FILE = YES;
				INFOPLIST_FILE = FanBase/Info.plist;
				INFOPLIST_KEY_UIApplicationSupportsIndirectInputEvents = YES;
				INFOPLIST_KEY_UILaunchStoryboardName = LaunchScreen;
				INFOPLIST_KEY_UIMainStoryboardFile = Main;
				INFOPLIST_KEY_UISupportedInterfaceOrientations_iPad = "UIInterfaceOrientationPortrait UIInterfaceOrientationPortraitUpsideDown UIInterfaceOrientationLandscapeLeft UIInterfaceOrientationLandscapeRight";
				INFOPLIST_KEY_UISupportedInterfaceOrientations_iPhone = "UIInterfaceOrientationPortrait UIInterfaceOrientationLandscapeLeft UIInterfaceOrientationLandscapeRight";
				LD_RUNPATH_SEARCH_PATHS = (
					"$(inherited)",
					"@executable_path/Frameworks",
				);
				MARKETING_VERSION = 1.0;
				PRODUCT_BUNDLE_IDENTIFIER = puramagia.FanBase;
				PRODUCT_NAME = "$(TARGET_NAME)";
				SWIFT_EMIT_LOC_STRINGS = YES;
				SWIFT_VERSION = 5.0;
				TARGETED_DEVICE_FAMILY = "1,2";
			};
			name = Debug;
		};
		91DB5F91286BF2EA00BBD1AA /* Release */ = {
			isa = XCBuildConfiguration;
			buildSettings = {
				ASSETCATALOG_COMPILER_APPICON_NAME = AppIcon;
				ASSETCATALOG_COMPILER_GLOBAL_ACCENT_COLOR_NAME = AccentColor;
				CODE_SIGN_STYLE = Automatic;
				CURRENT_PROJECT_VERSION = 1;
				GENERATE_INFOPLIST_FILE = YES;
				INFOPLIST_FILE = FanBase/Info.plist;
				INFOPLIST_KEY_UIApplicationSupportsIndirectInputEvents = YES;
				INFOPLIST_KEY_UILaunchStoryboardName = LaunchScreen;
				INFOPLIST_KEY_UIMainStoryboardFile = Main;
				INFOPLIST_KEY_UISupportedInterfaceOrientations_iPad = "UIInterfaceOrientationPortrait UIInterfaceOrientationPortraitUpsideDown UIInterfaceOrientationLandscapeLeft UIInterfaceOrientationLandscapeRight";
				INFOPLIST_KEY_UISupportedInterfaceOrientations_iPhone = "UIInterfaceOrientationPortrait UIInterfaceOrientationLandscapeLeft UIInterfaceOrientationLandscapeRight";
				LD_RUNPATH_SEARCH_PATHS = (
					"$(inherited)",
					"@executable_path/Frameworks",
				);
				MARKETING_VERSION = 1.0;
				PRODUCT_BUNDLE_IDENTIFIER = puramagia.FanBase;
				PRODUCT_NAME = "$(TARGET_NAME)";
				SWIFT_EMIT_LOC_STRINGS = YES;
				SWIFT_VERSION = 5.0;
				TARGETED_DEVICE_FAMILY = "1,2";
			};
			name = Release;
		};
/* End XCBuildConfiguration section */

/* Begin XCConfigurationList section */
		91DB5F76286BF2E800BBD1AA /* Build configuration list for PBXProject "FanBase" */ = {
			isa = XCConfigurationList;
			buildConfigurations = (
				91DB5F8D286BF2EA00BBD1AA /* Debug */,
				91DB5F8E286BF2EA00BBD1AA /* Release */,
			);
			defaultConfigurationIsVisible = 0;
			defaultConfigurationName = Release;
		};
		91DB5F8F286BF2EA00BBD1AA /* Build configuration list for PBXNativeTarget "FanBase" */ = {
			isa = XCConfigurationList;
			buildConfigurations = (
				91DB5F90286BF2EA00BBD1AA /* Debug */,
				91DB5F91286BF2EA00BBD1AA /* Release */,
			);
			defaultConfigurationIsVisible = 0;
			defaultConfigurationName = Release;
		};
/* End XCConfigurationList section */
	};
	rootObject = 91DB5F73286BF2E800BBD1AA /* Project object */;
}
